// !$*UTF8*$!
{
	archiveVersion = 1;
	classes = {
	};
	objectVersion = 56;
	objects = {

/* Begin PBXBuildFile section */
		3931F02928FD1AB8000F25D0 /* Midterm_ProjectApp.swift in Sources */ = {isa = PBXBuildFile; fileRef = 3931F02828FD1AB8000F25D0 /* Midterm_ProjectApp.swift */; };
		3931F02B28FD1AB8000F25D0 /* ContentView.swift in Sources */ = {isa = PBXBuildFile; fileRef = 3931F02A28FD1AB8000F25D0 /* ContentView.swift */; };
		3931F02D28FD1ABA000F25D0 /* Assets.xcassets in Resources */ = {isa = PBXBuildFile; fileRef = 3931F02C28FD1ABA000F25D0 /* Assets.xcassets */; };
		3931F03028FD1ABA000F25D0 /* Preview Assets.xcassets in Resources */ = {isa = PBXBuildFile; fileRef = 3931F02F28FD1ABA000F25D0 /* Preview Assets.xcassets */; };
		3931F03A28FD1ABA000F25D0 /* Midterm_ProjectTests.swift in Sources */ = {isa = PBXBuildFile; fileRef = 3931F03928FD1ABA000F25D0 /* Midterm_ProjectTests.swift */; };
		3931F04428FD1ABA000F25D0 /* Midterm_ProjectUITests.swift in Sources */ = {isa = PBXBuildFile; fileRef = 3931F04328FD1ABA000F25D0 /* Midterm_ProjectUITests.swift */; };
		3931F04628FD1ABA000F25D0 /* Midterm_ProjectUITestsLaunchTests.swift in Sources */ = {isa = PBXBuildFile; fileRef = 3931F04528FD1ABA000F25D0 /* Midterm_ProjectUITestsLaunchTests.swift */; };
/* End PBXBuildFile section */

/* Begin PBXContainerItemProxy section */
		3931F03628FD1ABA000F25D0 /* PBXContainerItemProxy */ = {
			isa = PBXContainerItemProxy;
			containerPortal = 3931F01D28FD1AB8000F25D0 /* Project object */;
			proxyType = 1;
			remoteGlobalIDString = 3931F02428FD1AB8000F25D0;
			remoteInfo = "Midterm Project";
		};
		3931F04028FD1ABA000F25D0 /* PBXContainerItemProxy */ = {
			isa = PBXContainerItemProxy;
			containerPortal = 3931F01D28FD1AB8000F25D0 /* Project object */;
			proxyType = 1;
			remoteGlobalIDString = 3931F02428FD1AB8000F25D0;
			remoteInfo = "Midterm Project";
		};
/* End PBXContainerItemProxy section */

/* Begin PBXFileReference section */
		3931F02528FD1AB8000F25D0 /* Midterm Project.app */ = {isa = PBXFileReference; explicitFileType = wrapper.application; includeInIndex = 0; path = "Midterm Project.app"; sourceTree = BUILT_PRODUCTS_DIR; };
		3931F02828FD1AB8000F25D0 /* Midterm_ProjectApp.swift */ = {isa = PBXFileReference; lastKnownFileType = sourcecode.swift; path = Midterm_ProjectApp.swift; sourceTree = "<group>"; };
		3931F02A28FD1AB8000F25D0 /* ContentView.swift */ = {isa = PBXFileReference; lastKnownFileType = sourcecode.swift; path = ContentView.swift; sourceTree = "<group>"; };
		3931F02C28FD1ABA000F25D0 /* Assets.xcassets */ = {isa = PBXFileReference; lastKnownFileType = folder.assetcatalog; path = Assets.xcassets; sourceTree = "<group>"; };
		3931F02F28FD1ABA000F25D0 /* Preview Assets.xcassets */ = {isa = PBXFileReference; lastKnownFileType = folder.assetcatalog; path = "Preview Assets.xcassets"; sourceTree = "<group>"; };
		3931F03528FD1ABA000F25D0 /* Midterm ProjectTests.xctest */ = {isa = PBXFileReference; explicitFileType = wrapper.cfbundle; includeInIndex = 0; path = "Midterm ProjectTests.xctest"; sourceTree = BUILT_PRODUCTS_DIR; };
		3931F03928FD1ABA000F25D0 /* Midterm_ProjectTests.swift */ = {isa = PBXFileReference; lastKnownFileType = sourcecode.swift; path = Midterm_ProjectTests.swift; sourceTree = "<group>"; };
		3931F03F28FD1ABA000F25D0 /* Midterm ProjectUITests.xctest */ = {isa = PBXFileReference; explicitFileType = wrapper.cfbundle; includeInIndex = 0; path = "Midterm ProjectUITests.xctest"; sourceTree = BUILT_PRODUCTS_DIR; };
		3931F04328FD1ABA000F25D0 /* Midterm_ProjectUITests.swift */ = {isa = PBXFileReference; lastKnownFileType = sourcecode.swift; path = Midterm_ProjectUITests.swift; sourceTree = "<group>"; };
		3931F04528FD1ABA000F25D0 /* Midterm_ProjectUITestsLaunchTests.swift */ = {isa = PBXFileReference; lastKnownFileType = sourcecode.swift; path = Midterm_ProjectUITestsLaunchTests.swift; sourceTree = "<group>"; };
/* End PBXFileReference section */

/* Begin PBXFrameworksBuildPhase section */
		3931F02228FD1AB8000F25D0 /* Frameworks */ = {
			isa = PBXFrameworksBuildPhase;
			buildActionMask = 2147483647;
			files = (
			);
			runOnlyForDeploymentPostprocessing = 0;
		};
		3931F03228FD1ABA000F25D0 /* Frameworks */ = {
			isa = PBXFrameworksBuildPhase;
			buildActionMask = 2147483647;
			files = (
			);
			runOnlyForDeploymentPostprocessing = 0;
		};
		3931F03C28FD1ABA000F25D0 /* Frameworks */ = {
			isa = PBXFrameworksBuildPhase;
			buildActionMask = 2147483647;
			files = (
			);
			runOnlyForDeploymentPostprocessing = 0;
		};
/* End PBXFrameworksBuildPhase section */

/* Begin PBXGroup section */
		3931F01C28FD1AB8000F25D0 = {
			isa = PBXGroup;
			children = (
				3931F02728FD1AB8000F25D0 /* Midterm Project */,
				3931F03828FD1ABA000F25D0 /* Midterm ProjectTests */,
				3931F04228FD1ABA000F25D0 /* Midterm ProjectUITests */,
				3931F02628FD1AB8000F25D0 /* Products */,
			);
			sourceTree = "<group>";
		};
		3931F02628FD1AB8000F25D0 /* Products */ = {
			isa = PBXGroup;
			children = (
				3931F02528FD1AB8000F25D0 /* Midterm Project.app */,
				3931F03528FD1ABA000F25D0 /* Midterm ProjectTests.xctest */,
				3931F03F28FD1ABA000F25D0 /* Midterm ProjectUITests.xctest */,
			);
			name = Products;
			sourceTree = "<group>";
		};
		3931F02728FD1AB8000F25D0 /* Midterm Project */ = {
			isa = PBXGroup;
			children = (
				3931F02828FD1AB8000F25D0 /* Midterm_ProjectApp.swift */,
				3931F02A28FD1AB8000F25D0 /* ContentView.swift */,
				3931F02C28FD1ABA000F25D0 /* Assets.xcassets */,
				3931F02E28FD1ABA000F25D0 /* Preview Content */,
			);
			path = "Midterm Project";
			sourceTree = "<group>";
		};
		3931F02E28FD1ABA000F25D0 /* Preview Content */ = {
			isa = PBXGroup;
			children = (
				3931F02F28FD1ABA000F25D0 /* Preview Assets.xcassets */,
			);
			path = "Preview Content";
			sourceTree = "<group>";
		};
		3931F03828FD1ABA000F25D0 /* Midterm ProjectTests */ = {
			isa = PBXGroup;
			children = (
				3931F03928FD1ABA000F25D0 /* Midterm_ProjectTests.swift */,
			);
			path = "Midterm ProjectTests";
			sourceTree = "<group>";
		};
		3931F04228FD1ABA000F25D0 /* Midterm ProjectUITests */ = {
			isa = PBXGroup;
			children = (
				3931F04328FD1ABA000F25D0 /* Midterm_ProjectUITests.swift */,
				3931F04528FD1ABA000F25D0 /* Midterm_ProjectUITestsLaunchTests.swift */,
			);
			path = "Midterm ProjectUITests";
			sourceTree = "<group>";
		};
/* End PBXGroup section */

/* Begin PBXNativeTarget section */
		3931F02428FD1AB8000F25D0 /* Midterm Project */ = {
			isa = PBXNativeTarget;
			buildConfigurationList = 3931F04928FD1ABA000F25D0 /* Build configuration list for PBXNativeTarget "Midterm Project" */;
			buildPhases = (
				3931F02128FD1AB8000F25D0 /* Sources */,
				3931F02228FD1AB8000F25D0 /* Frameworks */,
				3931F02328FD1AB8000F25D0 /* Resources */,
			);
			buildRules = (
			);
			dependencies = (
			);
			name = "Midterm Project";
			productName = "Midterm Project";
			productReference = 3931F02528FD1AB8000F25D0 /* Midterm Project.app */;
			productType = "com.apple.product-type.application";
		};
		3931F03428FD1ABA000F25D0 /* Midterm ProjectTests */ = {
			isa = PBXNativeTarget;
			buildConfigurationList = 3931F04C28FD1ABA000F25D0 /* Build configuration list for PBXNativeTarget "Midterm ProjectTests" */;
			buildPhases = (
				3931F03128FD1ABA000F25D0 /* Sources */,
				3931F03228FD1ABA000F25D0 /* Frameworks */,
				3931F03328FD1ABA000F25D0 /* Resources */,
			);
			buildRules = (
			);
			dependencies = (
				3931F03728FD1ABA000F25D0 /* PBXTargetDependency */,
			);
			name = "Midterm ProjectTests";
			productName = "Midterm ProjectTests";
			productReference = 3931F03528FD1ABA000F25D0 /* Midterm ProjectTests.xctest */;
			productType = "com.apple.product-type.bundle.unit-test";
		};
		3931F03E28FD1ABA000F25D0 /* Midterm ProjectUITests */ = {
			isa = PBXNativeTarget;
			buildConfigurationList = 3931F04F28FD1ABA000F25D0 /* Build configuration list for PBXNativeTarget "Midterm ProjectUITests" */;
			buildPhases = (
				3931F03B28FD1ABA000F25D0 /* Sources */,
				3931F03C28FD1ABA000F25D0 /* Frameworks */,
				3931F03D28FD1ABA000F25D0 /* Resources */,
			);
			buildRules = (
			);
			dependencies = (
				3931F04128FD1ABA000F25D0 /* PBXTargetDependency */,
			);
			name = "Midterm ProjectUITests";
			productName = "Midterm ProjectUITests";
			productReference = 3931F03F28FD1ABA000F25D0 /* Midterm ProjectUITests.xctest */;
			productType = "com.apple.product-type.bundle.ui-testing";
		};
/* End PBXNativeTarget section */

/* Begin PBXProject section */
		3931F01D28FD1AB8000F25D0 /* Project object */ = {
			isa = PBXProject;
			attributes = {
				BuildIndependentTargetsInParallel = 1;
				LastSwiftUpdateCheck = 1400;
				LastUpgradeCheck = 1400;
				TargetAttributes = {
					3931F02428FD1AB8000F25D0 = {
						CreatedOnToolsVersion = 14.0.1;
					};
					3931F03428FD1ABA000F25D0 = {
						CreatedOnToolsVersion = 14.0.1;
						TestTargetID = 3931F02428FD1AB8000F25D0;
					};
					3931F03E28FD1ABA000F25D0 = {
						CreatedOnToolsVersion = 14.0.1;
						TestTargetID = 3931F02428FD1AB8000F25D0;
					};
				};
			};
			buildConfigurationList = 3931F02028FD1AB8000F25D0 /* Build configuration list for PBXProject "Midterm Project" */;
			compatibilityVersion = "Xcode 14.0";
			developmentRegion = en;
			hasScannedForEncodings = 0;
			knownRegions = (
				en,
				Base,
			);
			mainGroup = 3931F01C28FD1AB8000F25D0;
			productRefGroup = 3931F02628FD1AB8000F25D0 /* Products */;
			projectDirPath = "";
			projectRoot = "";
			targets = (
				3931F02428FD1AB8000F25D0 /* Midterm Project */,
				3931F03428FD1ABA000F25D0 /* Midterm ProjectTests */,
				3931F03E28FD1ABA000F25D0 /* Midterm ProjectUITests */,
			);
		};
/* End PBXProject section */

/* Begin PBXResourcesBuildPhase section */
		3931F02328FD1AB8000F25D0 /* Resources */ = {
			isa = PBXResourcesBuildPhase;
			buildActionMask = 2147483647;
			files = (
				3931F03028FD1ABA000F25D0 /* Preview Assets.xcassets in Resources */,
				3931F02D28FD1ABA000F25D0 /* Assets.xcassets in Resources */,
			);
			runOnlyForDeploymentPostprocessing = 0;
		};
		3931F03328FD1ABA000F25D0 /* Resources */ = {
			isa = PBXResourcesBuildPhase;
			buildActionMask = 2147483647;
			files = (
			);
			runOnlyForDeploymentPostprocessing = 0;
		};
		3931F03D28FD1ABA000F25D0 /* Resources */ = {
			isa = PBXResourcesBuildPhase;
			buildActionMask = 2147483647;
			files = (
			);
			runOnlyForDeploymentPostprocessing = 0;
		};
/* End PBXResourcesBuildPhase section */

/* Begin PBXSourcesBuildPhase section */
		3931F02128FD1AB8000F25D0 /* Sources */ = {
			isa = PBXSourcesBuildPhase;
			buildActionMask = 2147483647;
			files = (
				3931F02B28FD1AB8000F25D0 /* ContentView.swift in Sources */,
				3931F02928FD1AB8000F25D0 /* Midterm_ProjectApp.swift in Sources */,
			);
			runOnlyForDeploymentPostprocessing = 0;
		};
		3931F03128FD1ABA000F25D0 /* Sources */ = {
			isa = PBXSourcesBuildPhase;
			buildActionMask = 2147483647;
			files = (
				3931F03A28FD1ABA000F25D0 /* Midterm_ProjectTests.swift in Sources */,
			);
			runOnlyForDeploymentPostprocessing = 0;
		};
		3931F03B28FD1ABA000F25D0 /* Sources */ = {
			isa = PBXSourcesBuildPhase;
			buildActionMask = 2147483647;
			files = (
				3931F04428FD1ABA000F25D0 /* Midterm_ProjectUITests.swift in Sources */,
				3931F04628FD1ABA000F25D0 /* Midterm_ProjectUITestsLaunchTests.swift in Sources */,
			);
			runOnlyForDeploymentPostprocessing = 0;
		};
/* End PBXSourcesBuildPhase section */

/* Begin PBXTargetDependency section */
		3931F03728FD1ABA000F25D0 /* PBXTargetDependency */ = {
			isa = PBXTargetDependency;
			target = 3931F02428FD1AB8000F25D0 /* Midterm Project */;
			targetProxy = 3931F03628FD1ABA000F25D0 /* PBXContainerItemProxy */;
		};
		3931F04128FD1ABA000F25D0 /* PBXTargetDependency */ = {
			isa = PBXTargetDependency;
			target = 3931F02428FD1AB8000F25D0 /* Midterm Project */;
			targetProxy = 3931F04028FD1ABA000F25D0 /* PBXContainerItemProxy */;
		};
/* End PBXTargetDependency section */

/* Begin XCBuildConfiguration section */
		3931F04728FD1ABA000F25D0 /* Debug */ = {
			isa = XCBuildConfiguration;
			buildSettings = {
				ALWAYS_SEARCH_USER_PATHS = NO;
				CLANG_ANALYZER_NONNULL = YES;
				CLANG_ANALYZER_NUMBER_OBJECT_CONVERSION = YES_AGGRESSIVE;
				CLANG_CXX_LANGUAGE_STANDARD = "gnu++20";
				CLANG_ENABLE_MODULES = YES;
				CLANG_ENABLE_OBJC_ARC = YES;
				CLANG_ENABLE_OBJC_WEAK = YES;
				CLANG_WARN_BLOCK_CAPTURE_AUTORELEASING = YES;
				CLANG_WARN_BOOL_CONVERSION = YES;
				CLANG_WARN_COMMA = YES;
				CLANG_WARN_CONSTANT_CONVERSION = YES;
				CLANG_WARN_DEPRECATED_OBJC_IMPLEMENTATIONS = YES;
				CLANG_WARN_DIRECT_OBJC_ISA_USAGE = YES_ERROR;
				CLANG_WARN_DOCUMENTATION_COMMENTS = YES;
				CLANG_WARN_EMPTY_BODY = YES;
				CLANG_WARN_ENUM_CONVERSION = YES;
				CLANG_WARN_INFINITE_RECURSION = YES;
				CLANG_WARN_INT_CONVERSION = YES;
				CLANG_WARN_NON_LITERAL_NULL_CONVERSION = YES;
				CLANG_WARN_OBJC_IMPLICIT_RETAIN_SELF = YES;
				CLANG_WARN_OBJC_LITERAL_CONVERSION = YES;
				CLANG_WARN_OBJC_ROOT_CLASS = YES_ERROR;
				CLANG_WARN_QUOTED_INCLUDE_IN_FRAMEWORK_HEADER = YES;
				CLANG_WARN_RANGE_LOOP_ANALYSIS = YES;
				CLANG_WARN_STRICT_PROTOTYPES = YES;
				CLANG_WARN_SUSPICIOUS_MOVE = YES;
				CLANG_WARN_UNGUARDED_AVAILABILITY = YES_AGGRESSIVE;
				CLANG_WARN_UNREACHABLE_CODE = YES;
				CLANG_WARN__DUPLICATE_METHOD_MATCH = YES;
				COPY_PHASE_STRIP = NO;
				DEBUG_INFORMATION_FORMAT = dwarf;
				ENABLE_STRICT_OBJC_MSGSEND = YES;
				ENABLE_TESTABILITY = YES;
				GCC_C_LANGUAGE_STANDARD = gnu11;
				GCC_DYNAMIC_NO_PIC = NO;
				GCC_NO_COMMON_BLOCKS = YES;
				GCC_OPTIMIZATION_LEVEL = 0;
				GCC_PREPROCESSOR_DEFINITIONS = (
					"DEBUG=1",
					"$(inherited)",
				);
				GCC_WARN_64_TO_32_BIT_CONVERSION = YES;
				GCC_WARN_ABOUT_RETURN_TYPE = YES_ERROR;
				GCC_WARN_UNDECLARED_SELECTOR = YES;
				GCC_WARN_UNINITIALIZED_AUTOS = YES_AGGRESSIVE;
				GCC_WARN_UNUSED_FUNCTION = YES;
				GCC_WARN_UNUSED_VARIABLE = YES;
				IPHONEOS_DEPLOYMENT_TARGET = 16.0;
				MTL_ENABLE_DEBUG_INFO = INCLUDE_SOURCE;
				MTL_FAST_MATH = YES;
				ONLY_ACTIVE_ARCH = YES;
				SDKROOT = iphoneos;
				SWIFT_ACTIVE_COMPILATION_CONDITIONS = DEBUG;
				SWIFT_OPTIMIZATION_LEVEL = "-Onone";
			};
			name = Debug;
		};
		3931F04828FD1ABA000F25D0 /* Release */ = {
			isa = XCBuildConfiguration;
			buildSettings = {
				ALWAYS_SEARCH_USER_PATHS = NO;
				CLANG_ANALYZER_NONNULL = YES;
				CLANG_ANALYZER_NUMBER_OBJECT_CONVERSION = YES_AGGRESSIVE;
				CLANG_CXX_LANGUAGE_STANDARD = "gnu++20";
				CLANG_ENABLE_MODULES = YES;
				CLANG_ENABLE_OBJC_ARC = YES;
				CLANG_ENABLE_OBJC_WEAK = YES;
				CLANG_WARN_BLOCK_CAPTURE_AUTORELEASING = YES;
				CLANG_WARN_BOOL_CONVERSION = YES;
				CLANG_WARN_COMMA = YES;
				CLANG_WARN_CONSTANT_CONVERSION = YES;
				CLANG_WARN_DEPRECATED_OBJC_IMPLEMENTATIONS = YES;
				CLANG_WARN_DIRECT_OBJC_ISA_USAGE = YES_ERROR;
				CLANG_WARN_DOCUMENTATION_COMMENTS = YES;
				CLANG_WARN_EMPTY_BODY = YES;
				CLANG_WARN_ENUM_CONVERSION = YES;
				CLANG_WARN_INFINITE_RECURSION = YES;
				CLANG_WARN_INT_CONVERSION = YES;
				CLANG_WARN_NON_LITERAL_NULL_CONVERSION = YES;
				CLANG_WARN_OBJC_IMPLICIT_RETAIN_SELF = YES;
				CLANG_WARN_OBJC_LITERAL_CONVERSION = YES;
				CLANG_WARN_OBJC_ROOT_CLASS = YES_ERROR;
				CLANG_WARN_QUOTED_INCLUDE_IN_FRAMEWORK_HEADER = YES;
				CLANG_WARN_RANGE_LOOP_ANALYSIS = YES;
				CLANG_WARN_STRICT_PROTOTYPES = YES;
				CLANG_WARN_SUSPICIOUS_MOVE = YES;
				CLANG_WARN_UNGUARDED_AVAILABILITY = YES_AGGRESSIVE;
				CLANG_WARN_UNREACHABLE_CODE = YES;
				CLANG_WARN__DUPLICATE_METHOD_MATCH = YES;
				COPY_PHASE_STRIP = NO;
				DEBUG_INFORMATION_FORMAT = "dwarf-with-dsym";
				ENABLE_NS_ASSERTIONS = NO;
				ENABLE_STRICT_OBJC_MSGSEND = YES;
				GCC_C_LANGUAGE_STANDARD = gnu11;
				GCC_NO_COMMON_BLOCKS = YES;
				GCC_WARN_64_TO_32_BIT_CONVERSION = YES;
				GCC_WARN_ABOUT_RETURN_TYPE = YES_ERROR;
				GCC_WARN_UNDECLARED_SELECTOR = YES;
				GCC_WARN_UNINITIALIZED_AUTOS = YES_AGGRESSIVE;
				GCC_WARN_UNUSED_FUNCTION = YES;
				GCC_WARN_UNUSED_VARIABLE = YES;
				IPHONEOS_DEPLOYMENT_TARGET = 16.0;
				MTL_ENABLE_DEBUG_INFO = NO;
				MTL_FAST_MATH = YES;
				SDKROOT = iphoneos;
				SWIFT_COMPILATION_MODE = wholemodule;
				SWIFT_OPTIMIZATION_LEVEL = "-O";
				VALIDATE_PRODUCT = YES;
			};
			name = Release;
		};
		3931F04A28FD1ABA000F25D0 /* Debug */ = {
			isa = XCBuildConfiguration;
			buildSettings = {
				ASSETCATALOG_COMPILER_APPICON_NAME = AppIcon;
				ASSETCATALOG_COMPILER_GLOBAL_ACCENT_COLOR_NAME = AccentColor;
				CODE_SIGN_STYLE = Automatic;
				CURRENT_PROJECT_VERSION = 1;
				DEVELOPMENT_ASSET_PATHS = "\"Midterm Project/Preview Content\"";
				ENABLE_PREVIEWS = YES;
				GENERATE_INFOPLIST_FILE = YES;
				INFOPLIST_KEY_UIApplicationSceneManifest_Generation = YES;
				INFOPLIST_KEY_UIApplicationSupportsIndirectInputEvents = YES;
				INFOPLIST_KEY_UILaunchScreen_Generation = YES;
				INFOPLIST_KEY_UISupportedInterfaceOrientations_iPad = "UIInterfaceOrientationPortrait UIInterfaceOrientationPortraitUpsideDown UIInterfaceOrientationLandscapeLeft UIInterfaceOrientationLandscapeRight";
				INFOPLIST_KEY_UISupportedInterfaceOrientations_iPhone = "UIInterfaceOrientationPortrait UIInterfaceOrientationLandscapeLeft UIInterfaceOrientationLandscapeRight";
				LD_RUNPATH_SEARCH_PATHS = (
					"$(inherited)",
					"@executable_path/Frameworks",
				);
				MARKETING_VERSION = 1.0;
				PRODUCT_BUNDLE_IDENTIFIER = "com.rebecca.Midterm-Project";
				PRODUCT_NAME = "$(TARGET_NAME)";
				SWIFT_EMIT_LOC_STRINGS = YES;
				SWIFT_VERSION = 5.0;
				TARGETED_DEVICE_FAMILY = "1,2";
			};
			name = Debug;
		};
		3931F04B28FD1ABA000F25D0 /* Release */ = {
			isa = XCBuildConfiguration;
			buildSettings = {
				ASSETCATALOG_COMPILER_APPICON_NAME = AppIcon;
				ASSETCATALOG_COMPILER_GLOBAL_ACCENT_COLOR_NAME = AccentColor;
				CODE_SIGN_STYLE = Automatic;
				CURRENT_PROJECT_VERSION = 1;
				DEVELOPMENT_ASSET_PATHS = "\"Midterm Project/Preview Content\"";
				ENABLE_PREVIEWS = YES;
				GENERATE_INFOPLIST_FILE = YES;
				INFOPLIST_KEY_UIApplicationSceneManifest_Generation = YES;
				INFOPLIST_KEY_UIApplicationSupportsIndirectInputEvents = YES;
				INFOPLIST_KEY_UILaunchScreen_Generation = YES;
				INFOPLIST_KEY_UISupportedInterfaceOrientations_iPad = "UIInterfaceOrientationPortrait UIInterfaceOrientationPortraitUpsideDown UIInterfaceOrientationLandscapeLeft UIInterfaceOrientationLandscapeRight";
				INFOPLIST_KEY_UISupportedInterfaceOrientations_iPhone = "UIInterfaceOrientationPortrait UIInterfaceOrientationLandscapeLeft UIInterfaceOrientationLandscapeRight";
				LD_RUNPATH_SEARCH_PATHS = (
					"$(inherited)",
					"@executable_path/Frameworks",
				);
				MARKETING_VERSION = 1.0;
				PRODUCT_BUNDLE_IDENTIFIER = "com.rebecca.Midterm-Project";
				PRODUCT_NAME = "$(TARGET_NAME)";
				SWIFT_EMIT_LOC_STRINGS = YES;
				SWIFT_VERSION = 5.0;
				TARGETED_DEVICE_FAMILY = "1,2";
			};
			name = Release;
		};
		3931F04D28FD1ABA000F25D0 /* Debug */ = {
			isa = XCBuildConfiguration;
			buildSettings = {
				ALWAYS_EMBED_SWIFT_STANDARD_LIBRARIES = YES;
				BUNDLE_LOADER = "$(TEST_HOST)";
				CODE_SIGN_STYLE = Automatic;
				CURRENT_PROJECT_VERSION = 1;
				GENERATE_INFOPLIST_FILE = YES;
				IPHONEOS_DEPLOYMENT_TARGET = 16.0;
				MARKETING_VERSION = 1.0;
				PRODUCT_BUNDLE_IDENTIFIER = "com.rebecca.Midterm-ProjectTests";
				PRODUCT_NAME = "$(TARGET_NAME)";
				SWIFT_EMIT_LOC_STRINGS = NO;
				SWIFT_VERSION = 5.0;
				TARGETED_DEVICE_FAMILY = "1,2";
				TEST_HOST = "$(BUILT_PRODUCTS_DIR)/Midterm Project.app/$(BUNDLE_EXECUTABLE_FOLDER_PATH)/Midterm Project";
			};
			name = Debug;
		};
		3931F04E28FD1ABA000F25D0 /* Release */ = {
			isa = XCBuildConfiguration;
			buildSettings = {
				ALWAYS_EMBED_SWIFT_STANDARD_LIBRARIES = YES;
				BUNDLE_LOADER = "$(TEST_HOST)";
				CODE_SIGN_STYLE = Automatic;
				CURRENT_PROJECT_VERSION = 1;
				GENERATE_INFOPLIST_FILE = YES;
				IPHONEOS_DEPLOYMENT_TARGET = 16.0;
				MARKETING_VERSION = 1.0;
				PRODUCT_BUNDLE_IDENTIFIER = "com.rebecca.Midterm-ProjectTests";
				PRODUCT_NAME = "$(TARGET_NAME)";
				SWIFT_EMIT_LOC_STRINGS = NO;
				SWIFT_VERSION = 5.0;
				TARGETED_DEVICE_FAMILY = "1,2";
				TEST_HOST = "$(BUILT_PRODUCTS_DIR)/Midterm Project.app/$(BUNDLE_EXECUTABLE_FOLDER_PATH)/Midterm Project";
			};
			name = Release;
		};
		3931F05028FD1ABA000F25D0 /* Debug */ = {
			isa = XCBuildConfiguration;
			buildSettings = {
				ALWAYS_EMBED_SWIFT_STANDARD_LIBRARIES = YES;
				CODE_SIGN_STYLE = Automatic;
				CURRENT_PROJECT_VERSION = 1;
				GENERATE_INFOPLIST_FILE = YES;
				MARKETING_VERSION = 1.0;
				PRODUCT_BUNDLE_IDENTIFIER = "com.rebecca.Midterm-ProjectUITests";
				PRODUCT_NAME = "$(TARGET_NAME)";
				SWIFT_EMIT_LOC_STRINGS = NO;
				SWIFT_VERSION = 5.0;
				TARGETED_DEVICE_FAMILY = "1,2";
				TEST_TARGET_NAME = "Midterm Project";
			};
			name = Debug;
		};
		3931F05128FD1ABA000F25D0 /* Release */ = {
			isa = XCBuildConfiguration;
			buildSettings = {
				ALWAYS_EMBED_SWIFT_STANDARD_LIBRARIES = YES;
				CODE_SIGN_STYLE = Automatic;
				CURRENT_PROJECT_VERSION = 1;
				GENERATE_INFOPLIST_FILE = YES;
				MARKETING_VERSION = 1.0;
				PRODUCT_BUNDLE_IDENTIFIER = "com.rebecca.Midterm-ProjectUITests";
				PRODUCT_NAME = "$(TARGET_NAME)";
				SWIFT_EMIT_LOC_STRINGS = NO;
				SWIFT_VERSION = 5.0;
				TARGETED_DEVICE_FAMILY = "1,2";
				TEST_TARGET_NAME = "Midterm Project";
			};
			name = Release;
		};
/* End XCBuildConfiguration section */

/* Begin XCConfigurationList section */
		3931F02028FD1AB8000F25D0 /* Build configuration list for PBXProject "Midterm Project" */ = {
			isa = XCConfigurationList;
			buildConfigurations = (
				3931F04728FD1ABA000F25D0 /* Debug */,
				3931F04828FD1ABA000F25D0 /* Release */,
			);
			defaultConfigurationIsVisible = 0;
			defaultConfigurationName = Release;
		};
		3931F04928FD1ABA000F25D0 /* Build configuration list for PBXNativeTarget "Midterm Project" */ = {
			isa = XCConfigurationList;
			buildConfigurations = (
				3931F04A28FD1ABA000F25D0 /* Debug */,
				3931F04B28FD1ABA000F25D0 /* Release */,
			);
			defaultConfigurationIsVisible = 0;
			defaultConfigurationName = Release;
		};
		3931F04C28FD1ABA000F25D0 /* Build configuration list for PBXNativeTarget "Midterm ProjectTests" */ = {
			isa = XCConfigurationList;
			buildConfigurations = (
				3931F04D28FD1ABA000F25D0 /* Debug */,
				3931F04E28FD1ABA000F25D0 /* Release */,
			);
			defaultConfigurationIsVisible = 0;
			defaultConfigurationName = Release;
		};
		3931F04F28FD1ABA000F25D0 /* Build configuration list for PBXNativeTarget "Midterm ProjectUITests" */ = {
			isa = XCConfigurationList;
			buildConfigurations = (
				3931F05028FD1ABA000F25D0 /* Debug */,
				3931F05128FD1ABA000F25D0 /* Release */,
			);
			defaultConfigurationIsVisible = 0;
			defaultConfigurationName = Release;
		};
/* End XCConfigurationList section */
	};
	rootObject = 3931F01D28FD1AB8000F25D0 /* Project object */;
}
